
Microsoft Visual Studio Solution File, Format Version 11.00
# Visual Studio 2010
Project("{E24C65DC-7377-472B-9ABA-BC803B73C61A}") = "code_formatter", "code_formatter\", "{42899C19-FCCE-43EC-A922-7ED9975197A2}"
	ProjectSection(WebsiteProperties) = preProject
		TargetFrameworkMoniker = ".NETFramework,Version%3Dv3.5"
		Debug.AspNetCompiler.VirtualPath = "/code_formatter"
		Debug.AspNetCompiler.PhysicalPath = "code_formatter\"
		Debug.AspNetCompiler.TargetPath = "PrecompiledWeb\code_formatter\"
		Debug.AspNetCompiler.Updateable = "true"
		Debug.AspNetCompiler.ForceOverwrite = "true"
		Debug.AspNetCompiler.FixedNames = "false"
		Debug.AspNetCompiler.Debug = "True"
		Release.AspNetCompiler.VirtualPath = "/code_formatter"
		Release.AspNetCompiler.PhysicalPath = "code_formatter\"
		Release.AspNetCompiler.TargetPath = "PrecompiledWeb\code_formatter\"
		Release.AspNetCompiler.Updateable = "true"
		Release.AspNetCompiler.ForceOverwrite = "true"
		Release.AspNetCompiler.FixedNames = "false"
		Release.AspNetCompiler.Debug = "False"
		VWDPort = "11183"
		DefaultWebSiteLanguage = "Visual C#"
	EndProjectSection
EndProject
Global
	GlobalSection(SolutionConfigurationPlatforms) = preSolution
		Debug|Any CPU = Debug|Any CPU
	EndGlobalSection
	GlobalSection(ProjectConfigurationPlatforms) = postSolution
		{42899C19-FCCE-43EC-A922-7ED9975197A2}.Debug|Any CPU.ActiveCfg = Debug|Any CPU
		{42899C19-FCCE-43EC-A922-7ED9975197A2}.Debug|Any CPU.Build.0 = Debug|Any CPU
	EndGlobalSection
	GlobalSection(SolutionProperties) = preSolution
		HideSolutionNode = FALSE
	EndGlobalSection
EndGlobal
